
Microsoft Visual Studio Solution File, Format Version 12.00
# Visual Studio 14
VisualStudioVersion = 14.0.25420.1
MinimumVisualStudioVersion = 10.0.40219.1
Project("{FAE04EC0-301F-11D3-BF4B-00C04F79EFBC}") = "JustBlog", "JustBlog\JustBlog.csproj", "{40C075BA-B269-409A-B12D-E6375AF1B327}"
EndProject
Project("{FAE04EC0-301F-11D3-BF4B-00C04F79EFBC}") = "JustBlog.Tests", "JustBlog.Tests\JustBlog.Tests.csproj", "{F8593E15-D905-4FF3-BFCC-77D339A9B346}"
EndProject
Project("{FAE04EC0-301F-11D3-BF4B-00C04F79EFBC}") = "JustBlog.Core", "JustBlog.Core\JustBlog.Core.csproj", "{81439E4E-47B0-4A78-BF3E-B6B96F86B5DD}"
EndProject
Global
	GlobalSection(SolutionConfigurationPlatforms) = preSolution
		Debug|Any CPU = Debug|Any CPU
		Release|Any CPU = Release|Any CPU
	EndGlobalSection
	GlobalSection(ProjectConfigurationPlatforms) = postSolution
		{40C075BA-B269-409A-B12D-E6375AF1B327}.Debug|Any CPU.ActiveCfg = Debug|Any CPU
		{40C075BA-B269-409A-B12D-E6375AF1B327}.Debug|Any CPU.Build.0 = Debug|Any CPU
		{40C075BA-B269-409A-B12D-E6375AF1B327}.Release|Any CPU.ActiveCfg = Release|Any CPU
		{40C075BA-B269-409A-B12D-E6375AF1B327}.Release|Any CPU.Build.0 = Release|Any CPU
		{F8593E15-D905-4FF3-BFCC-77D339A9B346}.Debug|Any CPU.ActiveCfg = Debug|Any CPU
		{F8593E15-D905-4FF3-BFCC-77D339A9B346}.Debug|Any CPU.Build.0 = Debug|Any CPU
		{F8593E15-D905-4FF3-BFCC-77D339A9B346}.Release|Any CPU.ActiveCfg = Release|Any CPU
		{F8593E15-D905-4FF3-BFCC-77D339A9B346}.Release|Any CPU.Build.0 = Release|Any CPU
		{81439E4E-47B0-4A78-BF3E-B6B96F86B5DD}.Debug|Any CPU.ActiveCfg = Debug|Any CPU
		{81439E4E-47B0-4A78-BF3E-B6B96F86B5DD}.Debug|Any CPU.Build.0 = Debug|Any CPU
		{81439E4E-47B0-4A78-BF3E-B6B96F86B5DD}.Release|Any CPU.ActiveCfg = Release|Any CPU
		{81439E4E-47B0-4A78-BF3E-B6B96F86B5DD}.Release|Any CPU.Build.0 = Release|Any CPU
	EndGlobalSection
	GlobalSection(SolutionProperties) = preSolution
		HideSolutionNode = FALSE
	EndGlobalSection
EndGlobal
